
Microsoft Visual Studio Solution File, Format Version 12.00
# Visual Studio Version 16
VisualStudioVersion = 16.0.31702.278
MinimumVisualStudioVersion = 10.0.40219.1
Project("{FAE04EC0-301F-11D3-BF4B-00C04F79EFBC}") = "EmployeeBenefits", "EmployeeBenefits.csproj", "{D090307F-7FC0-4217-BABC-9B619271B899}"
EndProject
Global
	GlobalSection(SolutionConfigurationPlatforms) = preSolution
		Debug|Any CPU = Debug|Any CPU
		Release|Any CPU = Release|Any CPU
	EndGlobalSection
	GlobalSection(ProjectConfigurationPlatforms) = postSolution
		{D090307F-7FC0-4217-BABC-9B619271B899}.Debug|Any CPU.ActiveCfg = Debug|Any CPU
		{D090307F-7FC0-4217-BABC-9B619271B899}.Debug|Any CPU.Build.0 = Debug|Any CPU
		{D090307F-7FC0-4217-BABC-9B619271B899}.Release|Any CPU.ActiveCfg = Release|Any CPU
		{D090307F-7FC0-4217-BABC-9B619271B899}.Release|Any CPU.Build.0 = Release|Any CPU
	EndGlobalSection
	GlobalSection(SolutionProperties) = preSolution
		HideSolutionNode = FALSE
	EndGlobalSection
	GlobalSection(ExtensibilityGlobals) = postSolution
		SolutionGuid = {5EB68007-44A4-4D20-837D-6707C3CC948D}
	EndGlobalSection
EndGlobal
